// !$*UTF8*$!
{
	archiveVersion = 1;
	classes = {
	};
	objectVersion = 46;
	objects = {

/* Begin PBXBuildFile section */
		7176F7291B73963200085CBB /* UZUIRefreshTableFooterView.m in Sources */ = {isa = PBXBuildFile; fileRef = 7176F7211B73963200085CBB /* UZUIRefreshTableFooterView.m */; settings = {COMPILER_FLAGS = "-fno-objc-arc"; }; };
		7176F72A1B73963200085CBB /* UZUIRefreshTableHeaderView.m in Sources */ = {isa = PBXBuildFile; fileRef = 7176F7231B73963200085CBB /* UZUIRefreshTableHeaderView.m */; settings = {COMPILER_FLAGS = "-fno-objc-arc"; }; };
		7176F72B1B73963200085CBB /* TPGestureTableViewCell_UI.m in Sources */ = {isa = PBXBuildFile; fileRef = 7176F7251B73963200085CBB /* TPGestureTableViewCell_UI.m */; settings = {COMPILER_FLAGS = "-fno-objc-arc"; }; };
		7176F72C1B73963200085CBB /* UZUIListView.m in Sources */ = {isa = PBXBuildFile; fileRef = 7176F7271B73963200085CBB /* UZUIListView.m */; };
		B605F3DA227695BA00AF6954 /* AsyncImageViewD.m in Sources */ = {isa = PBXBuildFile; fileRef = B605F3D9227695BA00AF6954 /* AsyncImageViewD.m */; };
		B6E3DDB22276D0BD00C6930A /* AsyncImageViewDX.m in Sources */ = {isa = PBXBuildFile; fileRef = B6E3DDB12276D0BD00C6930A /* AsyncImageViewDX.m */; };
/* End PBXBuildFile section */

/* Begin PBXCopyFilesBuildPhase section */
		7176F6C11B7395C400085CBB /* CopyFiles */ = {
			isa = PBXCopyFilesBuildPhase;
			buildActionMask = 2147483647;
			dstPath = "include/$(PRODUCT_NAME)";
			dstSubfolderSpec = 16;
			files = (
			);
			runOnlyForDeploymentPostprocessing = 0;
		};
/* End PBXCopyFilesBuildPhase section */

/* Begin PBXFileReference section */
		03E870701BA681C200E12CCF /* NSDictionaryUtils.h */ = {isa = PBXFileReference; fileEncoding = 4; lastKnownFileType = sourcecode.c.h; path = NSDictionaryUtils.h; sourceTree = "<group>"; };
		03E870711BA681C200E12CCF /* UZAppUtils.h */ = {isa = PBXFileReference; fileEncoding = 4; lastKnownFileType = sourcecode.c.h; path = UZAppUtils.h; sourceTree = "<group>"; };
		03E870721BA681C200E12CCF /* UZModule.h */ = {isa = PBXFileReference; fileEncoding = 4; lastKnownFileType = sourcecode.c.h; path = UZModule.h; sourceTree = "<group>"; };
		7176F6C31B7395C400085CBB /* libUIListView.a */ = {isa = PBXFileReference; explicitFileType = archive.ar; includeInIndex = 0; path = libUIListView.a; sourceTree = BUILT_PRODUCTS_DIR; };
		7176F71D1B73963200085CBB /* ListView-Prefix.pch */ = {isa = PBXFileReference; fileEncoding = 4; lastKnownFileType = sourcecode.c.h; path = "ListView-Prefix.pch"; sourceTree = "<group>"; };
		7176F71F1B73963200085CBB /* EGOViewCommon.h */ = {isa = PBXFileReference; fileEncoding = 4; lastKnownFileType = sourcecode.c.h; path = EGOViewCommon.h; sourceTree = "<group>"; };
		7176F7201B73963200085CBB /* UZUIRefreshTableFooterView.h */ = {isa = PBXFileReference; fileEncoding = 4; lastKnownFileType = sourcecode.c.h; path = UZUIRefreshTableFooterView.h; sourceTree = "<group>"; };
		7176F7211B73963200085CBB /* UZUIRefreshTableFooterView.m */ = {isa = PBXFileReference; fileEncoding = 4; lastKnownFileType = sourcecode.c.objc; path = UZUIRefreshTableFooterView.m; sourceTree = "<group>"; };
		7176F7221B73963200085CBB /* UZUIRefreshTableHeaderView.h */ = {isa = PBXFileReference; fileEncoding = 4; lastKnownFileType = sourcecode.c.h; path = UZUIRefreshTableHeaderView.h; sourceTree = "<group>"; };
		7176F7231B73963200085CBB /* UZUIRefreshTableHeaderView.m */ = {isa = PBXFileReference; fileEncoding = 4; lastKnownFileType = sourcecode.c.objc; path = UZUIRefreshTableHeaderView.m; sourceTree = "<group>"; };
		7176F7241B73963200085CBB /* TPGestureTableViewCell_UI.h */ = {isa = PBXFileReference; fileEncoding = 4; lastKnownFileType = sourcecode.c.h; path = TPGestureTableViewCell_UI.h; sourceTree = "<group>"; };
		7176F7251B73963200085CBB /* TPGestureTableViewCell_UI.m */ = {isa = PBXFileReference; fileEncoding = 4; lastKnownFileType = sourcecode.c.objc; path = TPGestureTableViewCell_UI.m; sourceTree = "<group>"; };
		7176F7261B73963200085CBB /* UZUIListView.h */ = {isa = PBXFileReference; fileEncoding = 4; lastKnownFileType = sourcecode.c.h; path = UZUIListView.h; sourceTree = "<group>"; };
		7176F7271B73963200085CBB /* UZUIListView.m */ = {isa = PBXFileReference; fileEncoding = 4; lastKnownFileType = sourcecode.c.objc; path = UZUIListView.m; sourceTree = "<group>"; };
		B605F3D8227695BA00AF6954 /* AsyncImageViewD.h */ = {isa = PBXFileReference; lastKnownFileType = sourcecode.c.h; path = AsyncImageViewD.h; sourceTree = "<group>"; };
		B605F3D9227695BA00AF6954 /* AsyncImageViewD.m */ = {isa = PBXFileReference; lastKnownFileType = sourcecode.c.objc; path = AsyncImageViewD.m; sourceTree = "<group>"; };
		B6E3DDA22276D07300C6930A /* UZASIFormDataRequest.h */ = {isa = PBXFileReference; fileEncoding = 4; lastKnownFileType = sourcecode.c.h; path = UZASIFormDataRequest.h; sourceTree = "<group>"; };
		B6E3DDA32276D07300C6930A /* UZReachability.h */ = {isa = PBXFileReference; fileEncoding = 4; lastKnownFileType = sourcecode.c.h; path = UZReachability.h; sourceTree = "<group>"; };
		B6E3DDA42276D07300C6930A /* ASIHTTPRequestDelegate.h */ = {isa = PBXFileReference; fileEncoding = 4; lastKnownFileType = sourcecode.c.h; path = ASIHTTPRequestDelegate.h; sourceTree = "<group>"; };
		B6E3DDA52276D07300C6930A /* UZASIInputStream.h */ = {isa = PBXFileReference; fileEncoding = 4; lastKnownFileType = sourcecode.c.h; path = UZASIInputStream.h; sourceTree = "<group>"; };
		B6E3DDA62276D07300C6930A /* ASIHTTPRequestConfig.h */ = {isa = PBXFileReference; fileEncoding = 4; lastKnownFileType = sourcecode.c.h; path = ASIHTTPRequestConfig.h; sourceTree = "<group>"; };
		B6E3DDA72276D07300C6930A /* UZASIHTTPRequest.h */ = {isa = PBXFileReference; fileEncoding = 4; lastKnownFileType = sourcecode.c.h; path = UZASIHTTPRequest.h; sourceTree = "<group>"; };
		B6E3DDA82276D07300C6930A /* ASICacheDelegate.h */ = {isa = PBXFileReference; fileEncoding = 4; lastKnownFileType = sourcecode.c.h; path = ASICacheDelegate.h; sourceTree = "<group>"; };
		B6E3DDA92276D07300C6930A /* ASIProgressDelegate.h */ = {isa = PBXFileReference; fileEncoding = 4; lastKnownFileType = sourcecode.c.h; path = ASIProgressDelegate.h; sourceTree = "<group>"; };
		B6E3DDAA2276D07300C6930A /* UZASIDataDecompressor.h */ = {isa = PBXFileReference; fileEncoding = 4; lastKnownFileType = sourcecode.c.h; path = UZASIDataDecompressor.h; sourceTree = "<group>"; };
		B6E3DDAB2276D07300C6930A /* UZASIDataCompressor.h */ = {isa = PBXFileReference; fileEncoding = 4; lastKnownFileType = sourcecode.c.h; path = UZASIDataCompressor.h; sourceTree = "<group>"; };
		B6E3DDAC2276D07300C6930A /* UZASINetworkQueue.h */ = {isa = PBXFileReference; fileEncoding = 4; lastKnownFileType = sourcecode.c.h; path = UZASINetworkQueue.h; sourceTree = "<group>"; };
		B6E3DDAD2276D07300C6930A /* UZASIDownloadCache.h */ = {isa = PBXFileReference; fileEncoding = 4; lastKnownFileType = sourcecode.c.h; path = UZASIDownloadCache.h; sourceTree = "<group>"; };
		B6E3DDAE2276D07300C6930A /* UZASIAuthenticationDialog.h */ = {isa = PBXFileReference; fileEncoding = 4; lastKnownFileType = sourcecode.c.h; path = UZASIAuthenticationDialog.h; sourceTree = "<group>"; };
		B6E3DDB02276D0BD00C6930A /* AsyncImageViewDX.h */ = {isa = PBXFileReference; lastKnownFileType = sourcecode.c.h; path = AsyncImageViewDX.h; sourceTree = "<group>"; };
		B6E3DDB12276D0BD00C6930A /* AsyncImageViewDX.m */ = {isa = PBXFileReference; lastKnownFileType = sourcecode.c.objc; path = AsyncImageViewDX.m; sourceTree = "<group>"; };
/* End PBXFileReference section */

/* Begin PBXFrameworksBuildPhase section */
		7176F6C01B7395C400085CBB /* Frameworks */ = {
			isa = PBXFrameworksBuildPhase;
			buildActionMask = 2147483647;
			files = (
			);
			runOnlyForDeploymentPostprocessing = 0;
		};
/* End PBXFrameworksBuildPhase section */

/* Begin PBXGroup section */
		03E8706F1BA681C200E12CCF /* headFile */ = {
			isa = PBXGroup;
			children = (
				03E870701BA681C200E12CCF /* NSDictionaryUtils.h */,
				03E870711BA681C200E12CCF /* UZAppUtils.h */,
				03E870721BA681C200E12CCF /* UZModule.h */,
			);
			path = headFile;
			sourceTree = "<group>";
		};
		7176F6BA1B7395C400085CBB = {
			isa = PBXGroup;
			children = (
				03E8706F1BA681C200E12CCF /* headFile */,
				7176F6C51B7395C400085CBB /* UIListView */,
				7176F6C41B7395C400085CBB /* Products */,
			);
			sourceTree = "<group>";
		};
		7176F6C41B7395C400085CBB /* Products */ = {
			isa = PBXGroup;
			children = (
				7176F6C31B7395C400085CBB /* libUIListView.a */,
			);
			name = Products;
			sourceTree = "<group>";
		};
		7176F6C51B7395C400085CBB /* UIListView */ = {
			isa = PBXGroup;
			children = (
				B6E3DD8F2276D07300C6930A /* loaderImage */,
				B605F3C62276953900AF6954 /* imgeCache */,
				7176F7261B73963200085CBB /* UZUIListView.h */,
				7176F7271B73963200085CBB /* UZUIListView.m */,
				7176F7241B73963200085CBB /* TPGestureTableViewCell_UI.h */,
				7176F7251B73963200085CBB /* TPGestureTableViewCell_UI.m */,
				7176F71E1B73963200085CBB /* refresh */,
				7176F71D1B73963200085CBB /* ListView-Prefix.pch */,
			);
			path = UIListView;
			sourceTree = "<group>";
		};
		7176F71E1B73963200085CBB /* refresh */ = {
			isa = PBXGroup;
			children = (
				7176F71F1B73963200085CBB /* EGOViewCommon.h */,
				7176F7201B73963200085CBB /* UZUIRefreshTableFooterView.h */,
				7176F7211B73963200085CBB /* UZUIRefreshTableFooterView.m */,
				7176F7221B73963200085CBB /* UZUIRefreshTableHeaderView.h */,
				7176F7231B73963200085CBB /* UZUIRefreshTableHeaderView.m */,
			);
			path = refresh;
			sourceTree = "<group>";
		};
		B605F3C62276953900AF6954 /* imgeCache */ = {
			isa = PBXGroup;
			children = (
				B605F3D8227695BA00AF6954 /* AsyncImageViewD.h */,
				B605F3D9227695BA00AF6954 /* AsyncImageViewD.m */,
			);
			path = imgeCache;
			sourceTree = "<group>";
		};
		B6E3DD8F2276D07300C6930A /* loaderImage */ = {
			isa = PBXGroup;
			children = (
				B6E3DDB02276D0BD00C6930A /* AsyncImageViewDX.h */,
				B6E3DDB12276D0BD00C6930A /* AsyncImageViewDX.m */,
				B6E3DDA12276D07300C6930A /* uzasi */,
			);
			path = loaderImage;
			sourceTree = "<group>";
		};
		B6E3DDA12276D07300C6930A /* uzasi */ = {
			isa = PBXGroup;
			children = (
				B6E3DDA22276D07300C6930A /* UZASIFormDataRequest.h */,
				B6E3DDA32276D07300C6930A /* UZReachability.h */,
				B6E3DDA42276D07300C6930A /* ASIHTTPRequestDelegate.h */,
				B6E3DDA52276D07300C6930A /* UZASIInputStream.h */,
				B6E3DDA62276D07300C6930A /* ASIHTTPRequestConfig.h */,
				B6E3DDA72276D07300C6930A /* UZASIHTTPRequest.h */,
				B6E3DDA82276D07300C6930A /* ASICacheDelegate.h */,
				B6E3DDA92276D07300C6930A /* ASIProgressDelegate.h */,
				B6E3DDAA2276D07300C6930A /* UZASIDataDecompressor.h */,
				B6E3DDAB2276D07300C6930A /* UZASIDataCompressor.h */,
				B6E3DDAC2276D07300C6930A /* UZASINetworkQueue.h */,
				B6E3DDAD2276D07300C6930A /* UZASIDownloadCache.h */,
				B6E3DDAE2276D07300C6930A /* UZASIAuthenticationDialog.h */,
			);
			path = uzasi;
			sourceTree = "<group>";
		};
/* End PBXGroup section */

/* Begin PBXNativeTarget section */
		7176F6C21B7395C400085CBB /* UIListView */ = {
			isa = PBXNativeTarget;
			buildConfigurationList = 7176F6D71B7395C400085CBB /* Build configuration list for PBXNativeTarget "UIListView" */;
			buildPhases = (
				7176F6BF1B7395C400085CBB /* Sources */,
				7176F6C01B7395C400085CBB /* Frameworks */,
				7176F6C11B7395C400085CBB /* CopyFiles */,
			);
			buildRules = (
			);
			dependencies = (
			);
			name = UIListView;
			productName = UIListView;
			productReference = 7176F6C31B7395C400085CBB /* libUIListView.a */;
			productType = "com.apple.product-type.library.static";
		};
/* End PBXNativeTarget section */

/* Begin PBXProject section */
		7176F6BB1B7395C400085CBB /* Project object */ = {
			isa = PBXProject;
			attributes = {
				LastUpgradeCheck = 0640;
				ORGANIZATIONNAME = zhenhua.liu;
				TargetAttributes = {
					7176F6C21B7395C400085CBB = {
						CreatedOnToolsVersion = 6.4;
					};
				};
			};
			buildConfigurationList = 7176F6BE1B7395C400085CBB /* Build configuration list for PBXProject "UIListView" */;
			compatibilityVersion = "Xcode 3.2";
			developmentRegion = English;
			hasScannedForEncodings = 0;
			knownRegions = (
				English,
				en,
			);
			mainGroup = 7176F6BA1B7395C400085CBB;
			productRefGroup = 7176F6C41B7395C400085CBB /* Products */;
			projectDirPath = "";
			projectRoot = "";
			targets = (
				7176F6C21B7395C400085CBB /* UIListView */,
			);
		};
/* End PBXProject section */

/* Begin PBXSourcesBuildPhase section */
		7176F6BF1B7395C400085CBB /* Sources */ = {
			isa = PBXSourcesBuildPhase;
			buildActionMask = 2147483647;
			files = (
				B6E3DDB22276D0BD00C6930A /* AsyncImageViewDX.m in Sources */,
				7176F72C1B73963200085CBB /* UZUIListView.m in Sources */,
				7176F72B1B73963200085CBB /* TPGestureTableViewCell_UI.m in Sources */,
				7176F7291B73963200085CBB /* UZUIRefreshTableFooterView.m in Sources */,
				B605F3DA227695BA00AF6954 /* AsyncImageViewD.m in Sources */,
				7176F72A1B73963200085CBB /* UZUIRefreshTableHeaderView.m in Sources */,
			);
			runOnlyForDeploymentPostprocessing = 0;
		};
/* End PBXSourcesBuildPhase section */

/* Begin XCBuildConfiguration section */
		7176F6D51B7395C400085CBB /* Debug */ = {
			isa = XCBuildConfiguration;
			buildSettings = {
				ALWAYS_SEARCH_USER_PATHS = NO;
				CLANG_CXX_LANGUAGE_STANDARD = "gnu++0x";
				CLANG_CXX_LIBRARY = "libc++";
				CLANG_ENABLE_MODULES = YES;
				CLANG_ENABLE_OBJC_ARC = YES;
				CLANG_WARN_BOOL_CONVERSION = YES;
				CLANG_WARN_CONSTANT_CONVERSION = YES;
				CLANG_WARN_DIRECT_OBJC_ISA_USAGE = YES_ERROR;
				CLANG_WARN_EMPTY_BODY = YES;
				CLANG_WARN_ENUM_CONVERSION = YES;
				CLANG_WARN_INT_CONVERSION = YES;
				CLANG_WARN_OBJC_ROOT_CLASS = YES_ERROR;
				CLANG_WARN_UNREACHABLE_CODE = YES;
				CLANG_WARN__DUPLICATE_METHOD_MATCH = YES;
				COPY_PHASE_STRIP = NO;
				DEBUG_INFORMATION_FORMAT = "dwarf-with-dsym";
				ENABLE_STRICT_OBJC_MSGSEND = YES;
				GCC_C_LANGUAGE_STANDARD = gnu99;
				GCC_DYNAMIC_NO_PIC = NO;
				GCC_NO_COMMON_BLOCKS = YES;
				GCC_OPTIMIZATION_LEVEL = 0;
				GCC_PREPROCESSOR_DEFINITIONS = (
					"DEBUG=1",
					"$(inherited)",
				);
				GCC_SYMBOLS_PRIVATE_EXTERN = NO;
				GCC_WARN_64_TO_32_BIT_CONVERSION = YES;
				GCC_WARN_ABOUT_RETURN_TYPE = YES_ERROR;
				GCC_WARN_UNDECLARED_SELECTOR = YES;
				GCC_WARN_UNINITIALIZED_AUTOS = YES_AGGRESSIVE;
				GCC_WARN_UNUSED_FUNCTION = YES;
				GCC_WARN_UNUSED_VARIABLE = YES;
				IPHONEOS_DEPLOYMENT_TARGET = 7.0;
				MTL_ENABLE_DEBUG_INFO = YES;
				ONLY_ACTIVE_ARCH = YES;
				SDKROOT = iphoneos;
			};
			name = Debug;
		};
		7176F6D61B7395C400085CBB /* Release */ = {
			isa = XCBuildConfiguration;
			buildSettings = {
				ALWAYS_SEARCH_USER_PATHS = NO;
				CLANG_CXX_LANGUAGE_STANDARD = "gnu++0x";
				CLANG_CXX_LIBRARY = "libc++";
				CLANG_ENABLE_MODULES = YES;
				CLANG_ENABLE_OBJC_ARC = YES;
				CLANG_WARN_BOOL_CONVERSION = YES;
				CLANG_WARN_CONSTANT_CONVERSION = YES;
				CLANG_WARN_DIRECT_OBJC_ISA_USAGE = YES_ERROR;
				CLANG_WARN_EMPTY_BODY = YES;
				CLANG_WARN_ENUM_CONVERSION = YES;
				CLANG_WARN_INT_CONVERSION = YES;
				CLANG_WARN_OBJC_ROOT_CLASS = YES_ERROR;
				CLANG_WARN_UNREACHABLE_CODE = YES;
				CLANG_WARN__DUPLICATE_METHOD_MATCH = YES;
				COPY_PHASE_STRIP = NO;
				DEBUG_INFORMATION_FORMAT = "dwarf-with-dsym";
				ENABLE_NS_ASSERTIONS = NO;
				ENABLE_STRICT_OBJC_MSGSEND = YES;
				GCC_C_LANGUAGE_STANDARD = gnu99;
				GCC_NO_COMMON_BLOCKS = YES;
				GCC_WARN_64_TO_32_BIT_CONVERSION = YES;
				GCC_WARN_ABOUT_RETURN_TYPE = YES_ERROR;
				GCC_WARN_UNDECLARED_SELECTOR = YES;
				GCC_WARN_UNINITIALIZED_AUTOS = YES_AGGRESSIVE;
				GCC_WARN_UNUSED_FUNCTION = YES;
				GCC_WARN_UNUSED_VARIABLE = YES;
				IPHONEOS_DEPLOYMENT_TARGET = 7.0;
				MTL_ENABLE_DEBUG_INFO = NO;
				SDKROOT = iphoneos;
				VALIDATE_PRODUCT = YES;
			};
			name = Release;
		};
		7176F6D81B7395C400085CBB /* Debug */ = {
			isa = XCBuildConfiguration;
			buildSettings = {
				ARCHS = (
					"$(ARCHS_STANDARD)",
					armv7s,
				);
				ONLY_ACTIVE_ARCH = NO;
				OTHER_LDFLAGS = "-ObjC";
				PRODUCT_NAME = "$(TARGET_NAME)";
				SKIP_INSTALL = YES;
			};
			name = Debug;
		};
		7176F6D91B7395C400085CBB /* Release */ = {
			isa = XCBuildConfiguration;
			buildSettings = {
				ARCHS = (
					"$(ARCHS_STANDARD)",
					armv7s,
				);
				ONLY_ACTIVE_ARCH = NO;
				OTHER_LDFLAGS = "-ObjC";
				PRODUCT_NAME = "$(TARGET_NAME)";
				SKIP_INSTALL = YES;
			};
			name = Release;
		};
/* End XCBuildConfiguration section */

/* Begin XCConfigurationList section */
		7176F6BE1B7395C400085CBB /* Build configuration list for PBXProject "UIListView" */ = {
			isa = XCConfigurationList;
			buildConfigurations = (
				7176F6D51B7395C400085CBB /* Debug */,
				7176F6D61B7395C400085CBB /* Release */,
			);
			defaultConfigurationIsVisible = 0;
			defaultConfigurationName = Release;
		};
		7176F6D71B7395C400085CBB /* Build configuration list for PBXNativeTarget "UIListView" */ = {
			isa = XCConfigurationList;
			buildConfigurations = (
				7176F6D81B7395C400085CBB /* Debug */,
				7176F6D91B7395C400085CBB /* Release */,
			);
			defaultConfigurationIsVisible = 0;
			defaultConfigurationName = Release;
		};
/* End XCConfigurationList section */
	};
	rootObject = 7176F6BB1B7395C400085CBB /* Project object */;
}
